
Microsoft Visual Studio Solution File, Format Version 12.00
# Visual Studio Version 16
VisualStudioVersion = 16.0.31205.134
MinimumVisualStudioVersion = 10.0.40219.1
Project("{FAE04EC0-301F-11D3-BF4B-00C04F79EFBC}") = "CCSF Asset Explorer", "CCSF Asset Explorer\CCSF Asset Explorer.csproj", "{C0822EEE-A201-428A-A2BE-E76CF2B0196B}"
EndProject
Global
	GlobalSection(SolutionConfigurationPlatforms) = preSolution
		Debug|Any CPU = Debug|Any CPU
		Release|Any CPU = Release|Any CPU
	EndGlobalSection
	GlobalSection(ProjectConfigurationPlatforms) = postSolution
		{C0822EEE-A201-428A-A2BE-E76CF2B0196B}.Debug|Any CPU.ActiveCfg = Debug|Any CPU
		{C0822EEE-A201-428A-A2BE-E76CF2B0196B}.Debug|Any CPU.Build.0 = Debug|Any CPU
		{C0822EEE-A201-428A-A2BE-E76CF2B0196B}.Release|Any CPU.ActiveCfg = Release|Any CPU
		{C0822EEE-A201-428A-A2BE-E76CF2B0196B}.Release|Any CPU.Build.0 = Release|Any CPU
	EndGlobalSection
	GlobalSection(SolutionProperties) = preSolution
		HideSolutionNode = FALSE
	EndGlobalSection
	GlobalSection(ExtensibilityGlobals) = postSolution
		SolutionGuid = {3713A545-94CF-443E-8BF6-4EE755AF21A4}
	EndGlobalSection
EndGlobal
